# This file is automatically @generated by Cargo.
# It is not intended for manual editing.
version = 3

[[package]]
name = "array2d"
version = "0.3.2"
source = "registry+https://github.com/rust-lang/crates.io-index"
checksum = "d8b39cb2c1bf5a7c0dd097aa95ab859cf87dab5a4328900f5388942dc1889f74"

[[package]]
name = "resonant_collinearity"
version = "0.1.0"
dependencies = [
 "array2d",
 "vector2d",
]

[[package]]
name = "vector2d"
version = "3.1.1"
source = "registry+https://github.com/rust-lang/crates.io-index"
checksum = "567b2fa9c7ae37b0c180cdda3aebed26cbbd81344bcfeedd7650eeb8088b5a7b"
